
Microsoft Visual Studio Solution File, Format Version 12.00
# Visual Studio Version 17
VisualStudioVersion = 17.5.33516.290
MinimumVisualStudioVersion = 10.0.40219.1
Project("{FAE04EC0-301F-11D3-BF4B-00C04F79EFBC}") = "Phos.MusicManager.Desktop", "Phos.MusicManager.Desktop\Phos.MusicManager.Desktop.csproj", "{13C26DFF-3E3C-4679-B1BF-D885B8CAC853}"
EndProject
Project("{FAE04EC0-301F-11D3-BF4B-00C04F79EFBC}") = "Phos.MusicManager.Library", "Phos.MusicManager.Library\Phos.MusicManager.Library.csproj", "{EDA558EA-6431-4AC9-A0D7-92AC1607771E}"
EndProject
Global
	GlobalSection(SolutionConfigurationPlatforms) = preSolution
		Debug|Any CPU = Debug|Any CPU
		Release|Any CPU = Release|Any CPU
	EndGlobalSection
	GlobalSection(ProjectConfigurationPlatforms) = postSolution
		{13C26DFF-3E3C-4679-B1BF-D885B8CAC853}.Debug|Any CPU.ActiveCfg = Debug|Any CPU
		{13C26DFF-3E3C-4679-B1BF-D885B8CAC853}.Debug|Any CPU.Build.0 = Debug|Any CPU
		{13C26DFF-3E3C-4679-B1BF-D885B8CAC853}.Release|Any CPU.ActiveCfg = Release|Any CPU
		{13C26DFF-3E3C-4679-B1BF-D885B8CAC853}.Release|Any CPU.Build.0 = Release|Any CPU
		{EDA558EA-6431-4AC9-A0D7-92AC1607771E}.Debug|Any CPU.ActiveCfg = Debug|Any CPU
		{EDA558EA-6431-4AC9-A0D7-92AC1607771E}.Debug|Any CPU.Build.0 = Debug|Any CPU
		{EDA558EA-6431-4AC9-A0D7-92AC1607771E}.Release|Any CPU.ActiveCfg = Release|Any CPU
		{EDA558EA-6431-4AC9-A0D7-92AC1607771E}.Release|Any CPU.Build.0 = Release|Any CPU
	EndGlobalSection
	GlobalSection(SolutionProperties) = preSolution
		HideSolutionNode = FALSE
	EndGlobalSection
	GlobalSection(ExtensibilityGlobals) = postSolution
		SolutionGuid = {5F7BFBBF-43C7-43B2-89D5-076367116CA2}
	EndGlobalSection
EndGlobal
